
Microsoft Visual Studio Solution File, Format Version 12.00
# Visual Studio Version 16
VisualStudioVersion = 16.0.30523.141
MinimumVisualStudioVersion = 10.0.40219.1
Project("{FAE04EC0-301F-11D3-BF4B-00C04F79EFBC}") = "WebAPIApplicaiton", "WebAPIApplicaiton\WebAPIApplicaiton.csproj", "{DDA2F12A-1785-422A-856A-82D4BADC4551}"
EndProject
Project("{FAE04EC0-301F-11D3-BF4B-00C04F79EFBC}") = "WebAPI.Data", "WebAPI.Data\WebAPI.Data.csproj", "{3E664DDF-B593-4920-B0EE-0E85FCEEF42C}"
EndProject
Project("{FAE04EC0-301F-11D3-BF4B-00C04F79EFBC}") = "WebAPI.Model", "WebAPI.Model\WebAPI.Model.csproj", "{4EC51FB7-27F2-426F-A1DC-3DE62952E60C}"
EndProject
Project("{FAE04EC0-301F-11D3-BF4B-00C04F79EFBC}") = "WebAPI.Repository", "WebAPI.Repository\WebAPI.Repository.csproj", "{903EA197-FFCD-41A1-AD80-93B95E8D56F4}"
EndProject
Global
	GlobalSection(SolutionConfigurationPlatforms) = preSolution
		Debug|Any CPU = Debug|Any CPU
		Release|Any CPU = Release|Any CPU
	EndGlobalSection
	GlobalSection(ProjectConfigurationPlatforms) = postSolution
		{DDA2F12A-1785-422A-856A-82D4BADC4551}.Debug|Any CPU.ActiveCfg = Debug|Any CPU
		{DDA2F12A-1785-422A-856A-82D4BADC4551}.Debug|Any CPU.Build.0 = Debug|Any CPU
		{DDA2F12A-1785-422A-856A-82D4BADC4551}.Release|Any CPU.ActiveCfg = Release|Any CPU
		{DDA2F12A-1785-422A-856A-82D4BADC4551}.Release|Any CPU.Build.0 = Release|Any CPU
		{3E664DDF-B593-4920-B0EE-0E85FCEEF42C}.Debug|Any CPU.ActiveCfg = Debug|Any CPU
		{3E664DDF-B593-4920-B0EE-0E85FCEEF42C}.Debug|Any CPU.Build.0 = Debug|Any CPU
		{3E664DDF-B593-4920-B0EE-0E85FCEEF42C}.Release|Any CPU.ActiveCfg = Release|Any CPU
		{3E664DDF-B593-4920-B0EE-0E85FCEEF42C}.Release|Any CPU.Build.0 = Release|Any CPU
		{4EC51FB7-27F2-426F-A1DC-3DE62952E60C}.Debug|Any CPU.ActiveCfg = Debug|Any CPU
		{4EC51FB7-27F2-426F-A1DC-3DE62952E60C}.Debug|Any CPU.Build.0 = Debug|Any CPU
		{4EC51FB7-27F2-426F-A1DC-3DE62952E60C}.Release|Any CPU.ActiveCfg = Release|Any CPU
		{4EC51FB7-27F2-426F-A1DC-3DE62952E60C}.Release|Any CPU.Build.0 = Release|Any CPU
		{903EA197-FFCD-41A1-AD80-93B95E8D56F4}.Debug|Any CPU.ActiveCfg = Debug|Any CPU
		{903EA197-FFCD-41A1-AD80-93B95E8D56F4}.Debug|Any CPU.Build.0 = Debug|Any CPU
		{903EA197-FFCD-41A1-AD80-93B95E8D56F4}.Release|Any CPU.ActiveCfg = Release|Any CPU
		{903EA197-FFCD-41A1-AD80-93B95E8D56F4}.Release|Any CPU.Build.0 = Release|Any CPU
	EndGlobalSection
	GlobalSection(SolutionProperties) = preSolution
		HideSolutionNode = FALSE
	EndGlobalSection
	GlobalSection(ExtensibilityGlobals) = postSolution
		SolutionGuid = {A59AB5F7-A1E4-463A-9E60-925EDBE785A9}
	EndGlobalSection
EndGlobal
